// !$*UTF8*$!
{
	archiveVersion = 1;
	classes = {
	};
	objectVersion = 50;
	objects = {

/* Begin PBXBuildFile section */
		4DD2D1902609FB730082217A /* LearningApp.swift in Sources */ = {isa = PBXBuildFile; fileRef = 4DD2D18F2609FB730082217A /* LearningApp.swift */; };
		4DD2D1922609FB730082217A /* HomeView.swift in Sources */ = {isa = PBXBuildFile; fileRef = 4DD2D1912609FB730082217A /* HomeView.swift */; };
		4DD2D1942609FB750082217A /* Assets.xcassets in Resources */ = {isa = PBXBuildFile; fileRef = 4DD2D1932609FB750082217A /* Assets.xcassets */; };
		4DD2D1972609FB750082217A /* Preview Assets.xcassets in Resources */ = {isa = PBXBuildFile; fileRef = 4DD2D1962609FB750082217A /* Preview Assets.xcassets */; };
		4DD2D1A72609FC280082217A /* ContentModel.swift in Sources */ = {isa = PBXBuildFile; fileRef = 4DD2D1A62609FC280082217A /* ContentModel.swift */; };
		4DD2D1B5260AE7120082217A /* style.html in Resources */ = {isa = PBXBuildFile; fileRef = 4DD2D1B3260AE7120082217A /* style.html */; };
		4DD2D1B6260AE7120082217A /* data.json in Resources */ = {isa = PBXBuildFile; fileRef = 4DD2D1B4260AE7120082217A /* data.json */; };
		4DD2D1B9260AED370082217A /* Modules.swift in Sources */ = {isa = PBXBuildFile; fileRef = 4DD2D1B8260AED370082217A /* Modules.swift */; };
		4DD2D1BD260AFA0A0082217A /* HomeViewRow.swift in Sources */ = {isa = PBXBuildFile; fileRef = 4DD2D1BC260AFA0A0082217A /* HomeViewRow.swift */; };
/* End PBXBuildFile section */

/* Begin PBXFileReference section */
		4DD2D18C2609FB730082217A /* LearningApp.app */ = {isa = PBXFileReference; explicitFileType = wrapper.application; includeInIndex = 0; path = LearningApp.app; sourceTree = BUILT_PRODUCTS_DIR; };
		4DD2D18F2609FB730082217A /* LearningApp.swift */ = {isa = PBXFileReference; lastKnownFileType = sourcecode.swift; path = LearningApp.swift; sourceTree = "<group>"; };
		4DD2D1912609FB730082217A /* HomeView.swift */ = {isa = PBXFileReference; lastKnownFileType = sourcecode.swift; path = HomeView.swift; sourceTree = "<group>"; };
		4DD2D1932609FB750082217A /* Assets.xcassets */ = {isa = PBXFileReference; lastKnownFileType = folder.assetcatalog; path = Assets.xcassets; sourceTree = "<group>"; };
		4DD2D1962609FB750082217A /* Preview Assets.xcassets */ = {isa = PBXFileReference; lastKnownFileType = folder.assetcatalog; path = "Preview Assets.xcassets"; sourceTree = "<group>"; };
		4DD2D1982609FB750082217A /* Info.plist */ = {isa = PBXFileReference; lastKnownFileType = text.plist.xml; path = Info.plist; sourceTree = "<group>"; };
		4DD2D1A62609FC280082217A /* ContentModel.swift */ = {isa = PBXFileReference; lastKnownFileType = sourcecode.swift; path = ContentModel.swift; sourceTree = "<group>"; };
		4DD2D1B3260AE7120082217A /* style.html */ = {isa = PBXFileReference; fileEncoding = 4; lastKnownFileType = text.html; path = style.html; sourceTree = "<group>"; };
		4DD2D1B4260AE7120082217A /* data.json */ = {isa = PBXFileReference; fileEncoding = 4; lastKnownFileType = text.json; path = data.json; sourceTree = "<group>"; };
		4DD2D1B8260AED370082217A /* Modules.swift */ = {isa = PBXFileReference; lastKnownFileType = sourcecode.swift; path = Modules.swift; sourceTree = "<group>"; };
		4DD2D1BC260AFA0A0082217A /* HomeViewRow.swift */ = {isa = PBXFileReference; lastKnownFileType = sourcecode.swift; path = HomeViewRow.swift; sourceTree = "<group>"; };
/* End PBXFileReference section */

/* Begin PBXFrameworksBuildPhase section */
		4DD2D1892609FB730082217A /* Frameworks */ = {
			isa = PBXFrameworksBuildPhase;
			buildActionMask = 2147483647;
			files = (
			);
			runOnlyForDeploymentPostprocessing = 0;
		};
/* End PBXFrameworksBuildPhase section */

/* Begin PBXGroup section */
		4DD2D1832609FB730082217A = {
			isa = PBXGroup;
			children = (
				4DD2D18E2609FB730082217A /* LearningApp */,
				4DD2D18D2609FB730082217A /* Products */,
			);
			sourceTree = "<group>";
		};
		4DD2D18D2609FB730082217A /* Products */ = {
			isa = PBXGroup;
			children = (
				4DD2D18C2609FB730082217A /* LearningApp.app */,
			);
			name = Products;
			sourceTree = "<group>";
		};
		4DD2D18E2609FB730082217A /* LearningApp */ = {
			isa = PBXGroup;
			children = (
				4DD2D18F2609FB730082217A /* LearningApp.swift */,
				4DD2D1A52609FBFA0082217A /* Helpers */,
				4DD2D1A12609FBDB0082217A /* Models */,
				4DD2D1A42609FBF50082217A /* Resources */,
				4DD2D1A32609FBE60082217A /* ViewModels */,
				4DD2D1A22609FBE20082217A /* Views */,
				4DD2D1912609FB730082217A /* HomeView.swift */,
				4DD2D1932609FB750082217A /* Assets.xcassets */,
				4DD2D1982609FB750082217A /* Info.plist */,
				4DD2D1952609FB750082217A /* Preview Content */,
			);
			path = LearningApp;
			sourceTree = "<group>";
		};
		4DD2D1952609FB750082217A /* Preview Content */ = {
			isa = PBXGroup;
			children = (
				4DD2D1962609FB750082217A /* Preview Assets.xcassets */,
			);
			path = "Preview Content";
			sourceTree = "<group>";
		};
		4DD2D1A12609FBDB0082217A /* Models */ = {
			isa = PBXGroup;
			children = (
				4DD2D1B8260AED370082217A /* Modules.swift */,
			);
			path = Models;
			sourceTree = "<group>";
		};
		4DD2D1A22609FBE20082217A /* Views */ = {
			isa = PBXGroup;
			children = (
				4DD2D1BC260AFA0A0082217A /* HomeViewRow.swift */,
			);
			path = Views;
			sourceTree = "<group>";
		};
		4DD2D1A32609FBE60082217A /* ViewModels */ = {
			isa = PBXGroup;
			children = (
				4DD2D1A62609FC280082217A /* ContentModel.swift */,
			);
			path = ViewModels;
			sourceTree = "<group>";
		};
		4DD2D1A42609FBF50082217A /* Resources */ = {
			isa = PBXGroup;
			children = (
				4DD2D1B4260AE7120082217A /* data.json */,
				4DD2D1B3260AE7120082217A /* style.html */,
			);
			path = Resources;
			sourceTree = "<group>";
		};
		4DD2D1A52609FBFA0082217A /* Helpers */ = {
			isa = PBXGroup;
			children = (
			);
			path = Helpers;
			sourceTree = "<group>";
		};
/* End PBXGroup section */

/* Begin PBXNativeTarget section */
		4DD2D18B2609FB730082217A /* LearningApp */ = {
			isa = PBXNativeTarget;
			buildConfigurationList = 4DD2D19B2609FB750082217A /* Build configuration list for PBXNativeTarget "LearningApp" */;
			buildPhases = (
				4DD2D1882609FB730082217A /* Sources */,
				4DD2D1892609FB730082217A /* Frameworks */,
				4DD2D18A2609FB730082217A /* Resources */,
			);
			buildRules = (
			);
			dependencies = (
			);
			name = LearningApp;
			productName = LearningApp;
			productReference = 4DD2D18C2609FB730082217A /* LearningApp.app */;
			productType = "com.apple.product-type.application";
		};
/* End PBXNativeTarget section */

/* Begin PBXProject section */
		4DD2D1842609FB730082217A /* Project object */ = {
			isa = PBXProject;
			attributes = {
				LastSwiftUpdateCheck = 1240;
				LastUpgradeCheck = 1240;
				TargetAttributes = {
					4DD2D18B2609FB730082217A = {
						CreatedOnToolsVersion = 12.4;
					};
				};
			};
			buildConfigurationList = 4DD2D1872609FB730082217A /* Build configuration list for PBXProject "LearningApp" */;
			compatibilityVersion = "Xcode 9.3";
			developmentRegion = en;
			hasScannedForEncodings = 0;
			knownRegions = (
				en,
				Base,
			);
			mainGroup = 4DD2D1832609FB730082217A;
			productRefGroup = 4DD2D18D2609FB730082217A /* Products */;
			projectDirPath = "";
			projectRoot = "";
			targets = (
				4DD2D18B2609FB730082217A /* LearningApp */,
			);
		};
/* End PBXProject section */

/* Begin PBXResourcesBuildPhase section */
		4DD2D18A2609FB730082217A /* Resources */ = {
			isa = PBXResourcesBuildPhase;
			buildActionMask = 2147483647;
			files = (
				4DD2D1B5260AE7120082217A /* style.html in Resources */,
				4DD2D1972609FB750082217A /* Preview Assets.xcassets in Resources */,
				4DD2D1942609FB750082217A /* Assets.xcassets in Resources */,
				4DD2D1B6260AE7120082217A /* data.json in Resources */,
			);
			runOnlyForDeploymentPostprocessing = 0;
		};
/* End PBXResourcesBuildPhase section */

/* Begin PBXSourcesBuildPhase section */
		4DD2D1882609FB730082217A /* Sources */ = {
			isa = PBXSourcesBuildPhase;
			buildActionMask = 2147483647;
			files = (
				4DD2D1922609FB730082217A /* HomeView.swift in Sources */,
				4DD2D1BD260AFA0A0082217A /* HomeViewRow.swift in Sources */,
				4DD2D1B9260AED370082217A /* Modules.swift in Sources */,
				4DD2D1902609FB730082217A /* LearningApp.swift in Sources */,
				4DD2D1A72609FC280082217A /* ContentModel.swift in Sources */,
			);
			runOnlyForDeploymentPostprocessing = 0;
		};
/* End PBXSourcesBuildPhase section */

/* Begin XCBuildConfiguration section */
		4DD2D1992609FB750082217A /* Debug */ = {
			isa = XCBuildConfiguration;
			buildSettings = {
				ALWAYS_SEARCH_USER_PATHS = NO;
				CLANG_ANALYZER_NONNULL = YES;
				CLANG_ANALYZER_NUMBER_OBJECT_CONVERSION = YES_AGGRESSIVE;
				CLANG_CXX_LANGUAGE_STANDARD = "gnu++14";
				CLANG_CXX_LIBRARY = "libc++";
				CLANG_ENABLE_MODULES = YES;
				CLANG_ENABLE_OBJC_ARC = YES;
				CLANG_ENABLE_OBJC_WEAK = YES;
				CLANG_WARN_BLOCK_CAPTURE_AUTORELEASING = YES;
				CLANG_WARN_BOOL_CONVERSION = YES;
				CLANG_WARN_COMMA = YES;
				CLANG_WARN_CONSTANT_CONVERSION = YES;
				CLANG_WARN_DEPRECATED_OBJC_IMPLEMENTATIONS = YES;
				CLANG_WARN_DIRECT_OBJC_ISA_USAGE = YES_ERROR;
				CLANG_WARN_DOCUMENTATION_COMMENTS = YES;
				CLANG_WARN_EMPTY_BODY = YES;
				CLANG_WARN_ENUM_CONVERSION = YES;
				CLANG_WARN_INFINITE_RECURSION = YES;
				CLANG_WARN_INT_CONVERSION = YES;
				CLANG_WARN_NON_LITERAL_NULL_CONVERSION = YES;
				CLANG_WARN_OBJC_IMPLICIT_RETAIN_SELF = YES;
				CLANG_WARN_OBJC_LITERAL_CONVERSION = YES;
				CLANG_WARN_OBJC_ROOT_CLASS = YES_ERROR;
				CLANG_WARN_QUOTED_INCLUDE_IN_FRAMEWORK_HEADER = YES;
				CLANG_WARN_RANGE_LOOP_ANALYSIS = YES;
				CLANG_WARN_STRICT_PROTOTYPES = YES;
				CLANG_WARN_SUSPICIOUS_MOVE = YES;
				CLANG_WARN_UNGUARDED_AVAILABILITY = YES_AGGRESSIVE;
				CLANG_WARN_UNREACHABLE_CODE = YES;
				CLANG_WARN__DUPLICATE_METHOD_MATCH = YES;
				COPY_PHASE_STRIP = NO;
				DEBUG_INFORMATION_FORMAT = dwarf;
				ENABLE_STRICT_OBJC_MSGSEND = YES;
				ENABLE_TESTABILITY = YES;
				GCC_C_LANGUAGE_STANDARD = gnu11;
				GCC_DYNAMIC_NO_PIC = NO;
				GCC_NO_COMMON_BLOCKS = YES;
				GCC_OPTIMIZATION_LEVEL = 0;
				GCC_PREPROCESSOR_DEFINITIONS = (
					"DEBUG=1",
					"$(inherited)",
				);
				GCC_WARN_64_TO_32_BIT_CONVERSION = YES;
				GCC_WARN_ABOUT_RETURN_TYPE = YES_ERROR;
				GCC_WARN_UNDECLARED_SELECTOR = YES;
				GCC_WARN_UNINITIALIZED_AUTOS = YES_AGGRESSIVE;
				GCC_WARN_UNUSED_FUNCTION = YES;
				GCC_WARN_UNUSED_VARIABLE = YES;
				IPHONEOS_DEPLOYMENT_TARGET = 14.4;
				MTL_ENABLE_DEBUG_INFO = INCLUDE_SOURCE;
				MTL_FAST_MATH = YES;
				ONLY_ACTIVE_ARCH = YES;
				SDKROOT = iphoneos;
				SWIFT_ACTIVE_COMPILATION_CONDITIONS = DEBUG;
				SWIFT_OPTIMIZATION_LEVEL = "-Onone";
			};
			name = Debug;
		};
		4DD2D19A2609FB750082217A /* Release */ = {
			isa = XCBuildConfiguration;
			buildSettings = {
				ALWAYS_SEARCH_USER_PATHS = NO;
				CLANG_ANALYZER_NONNULL = YES;
				CLANG_ANALYZER_NUMBER_OBJECT_CONVERSION = YES_AGGRESSIVE;
				CLANG_CXX_LANGUAGE_STANDARD = "gnu++14";
				CLANG_CXX_LIBRARY = "libc++";
				CLANG_ENABLE_MODULES = YES;
				CLANG_ENABLE_OBJC_ARC = YES;
				CLANG_ENABLE_OBJC_WEAK = YES;
				CLANG_WARN_BLOCK_CAPTURE_AUTORELEASING = YES;
				CLANG_WARN_BOOL_CONVERSION = YES;
				CLANG_WARN_COMMA = YES;
				CLANG_WARN_CONSTANT_CONVERSION = YES;
				CLANG_WARN_DEPRECATED_OBJC_IMPLEMENTATIONS = YES;
				CLANG_WARN_DIRECT_OBJC_ISA_USAGE = YES_ERROR;
				CLANG_WARN_DOCUMENTATION_COMMENTS = YES;
				CLANG_WARN_EMPTY_BODY = YES;
				CLANG_WARN_ENUM_CONVERSION = YES;
				CLANG_WARN_INFINITE_RECURSION = YES;
				CLANG_WARN_INT_CONVERSION = YES;
				CLANG_WARN_NON_LITERAL_NULL_CONVERSION = YES;
				CLANG_WARN_OBJC_IMPLICIT_RETAIN_SELF = YES;
				CLANG_WARN_OBJC_LITERAL_CONVERSION = YES;
				CLANG_WARN_OBJC_ROOT_CLASS = YES_ERROR;
				CLANG_WARN_QUOTED_INCLUDE_IN_FRAMEWORK_HEADER = YES;
				CLANG_WARN_RANGE_LOOP_ANALYSIS = YES;
				CLANG_WARN_STRICT_PROTOTYPES = YES;
				CLANG_WARN_SUSPICIOUS_MOVE = YES;
				CLANG_WARN_UNGUARDED_AVAILABILITY = YES_AGGRESSIVE;
				CLANG_WARN_UNREACHABLE_CODE = YES;
				CLANG_WARN__DUPLICATE_METHOD_MATCH = YES;
				COPY_PHASE_STRIP = NO;
				DEBUG_INFORMATION_FORMAT = "dwarf-with-dsym";
				ENABLE_NS_ASSERTIONS = NO;
				ENABLE_STRICT_OBJC_MSGSEND = YES;
				GCC_C_LANGUAGE_STANDARD = gnu11;
				GCC_NO_COMMON_BLOCKS = YES;
				GCC_WARN_64_TO_32_BIT_CONVERSION = YES;
				GCC_WARN_ABOUT_RETURN_TYPE = YES_ERROR;
				GCC_WARN_UNDECLARED_SELECTOR = YES;
				GCC_WARN_UNINITIALIZED_AUTOS = YES_AGGRESSIVE;
				GCC_WARN_UNUSED_FUNCTION = YES;
				GCC_WARN_UNUSED_VARIABLE = YES;
				IPHONEOS_DEPLOYMENT_TARGET = 14.4;
				MTL_ENABLE_DEBUG_INFO = NO;
				MTL_FAST_MATH = YES;
				SDKROOT = iphoneos;
				SWIFT_COMPILATION_MODE = wholemodule;
				SWIFT_OPTIMIZATION_LEVEL = "-O";
				VALIDATE_PRODUCT = YES;
			};
			name = Release;
		};
		4DD2D19C2609FB750082217A /* Debug */ = {
			isa = XCBuildConfiguration;
			buildSettings = {
				ASSETCATALOG_COMPILER_APPICON_NAME = AppIcon;
				ASSETCATALOG_COMPILER_GLOBAL_ACCENT_COLOR_NAME = AccentColor;
				CODE_SIGN_STYLE = Automatic;
				DEVELOPMENT_ASSET_PATHS = "\"LearningApp/Preview Content\"";
				DEVELOPMENT_TEAM = T34DF5QT86;
				ENABLE_PREVIEWS = YES;
				INFOPLIST_FILE = LearningApp/Info.plist;
				IPHONEOS_DEPLOYMENT_TARGET = 14.0;
				LD_RUNPATH_SEARCH_PATHS = (
					"$(inherited)",
					"@executable_path/Frameworks",
				);
				PRODUCT_BUNDLE_IDENTIFIER = com.digithaigroup.LearningApp;
				PRODUCT_NAME = "$(TARGET_NAME)";
				SWIFT_VERSION = 5.0;
				TARGETED_DEVICE_FAMILY = "1,2";
			};
			name = Debug;
		};
		4DD2D19D2609FB750082217A /* Release */ = {
			isa = XCBuildConfiguration;
			buildSettings = {
				ASSETCATALOG_COMPILER_APPICON_NAME = AppIcon;
				ASSETCATALOG_COMPILER_GLOBAL_ACCENT_COLOR_NAME = AccentColor;
				CODE_SIGN_STYLE = Automatic;
				DEVELOPMENT_ASSET_PATHS = "\"LearningApp/Preview Content\"";
				DEVELOPMENT_TEAM = T34DF5QT86;
				ENABLE_PREVIEWS = YES;
				INFOPLIST_FILE = LearningApp/Info.plist;
				IPHONEOS_DEPLOYMENT_TARGET = 14.0;
				LD_RUNPATH_SEARCH_PATHS = (
					"$(inherited)",
					"@executable_path/Frameworks",
				);
				PRODUCT_BUNDLE_IDENTIFIER = com.digithaigroup.LearningApp;
				PRODUCT_NAME = "$(TARGET_NAME)";
				SWIFT_VERSION = 5.0;
				TARGETED_DEVICE_FAMILY = "1,2";
			};
			name = Release;
		};
/* End XCBuildConfiguration section */

/* Begin XCConfigurationList section */
		4DD2D1872609FB730082217A /* Build configuration list for PBXProject "LearningApp" */ = {
			isa = XCConfigurationList;
			buildConfigurations = (
				4DD2D1992609FB750082217A /* Debug */,
				4DD2D19A2609FB750082217A /* Release */,
			);
			defaultConfigurationIsVisible = 0;
			defaultConfigurationName = Release;
		};
		4DD2D19B2609FB750082217A /* Build configuration list for PBXNativeTarget "LearningApp" */ = {
			isa = XCConfigurationList;
			buildConfigurations = (
				4DD2D19C2609FB750082217A /* Debug */,
				4DD2D19D2609FB750082217A /* Release */,
			);
			defaultConfigurationIsVisible = 0;
			defaultConfigurationName = Release;
		};
/* End XCConfigurationList section */
	};
	rootObject = 4DD2D1842609FB730082217A /* Project object */;
}
